
Microsoft Visual Studio Solution File, Format Version 12.00
# Visual Studio Version 17
VisualStudioVersion = 17.14.37328.6 d17.14
MinimumVisualStudioVersion = 10.0.40219.1
Project("{FAE04EC0-301F-11D3-BF4B-00C04F79EFBC}") = "EntityFramework", "EntityFramework\EntityFramework.csproj", "{F88F7582-0BF6-4497-A6FE-06B0831D3A59}"
EndProject
Global
	GlobalSection(SolutionConfigurationPlatforms) = preSolution
		Debug|Any CPU = Debug|Any CPU
		Release|Any CPU = Release|Any CPU
	EndGlobalSection
	GlobalSection(ProjectConfigurationPlatforms) = postSolution
		{F88F7582-0BF6-4497-A6FE-06B0831D3A59}.Debug|Any CPU.ActiveCfg = Debug|Any CPU
		{F88F7582-0BF6-4497-A6FE-06B0831D3A59}.Debug|Any CPU.Build.0 = Debug|Any CPU
		{F88F7582-0BF6-4497-A6FE-06B0831D3A59}.Release|Any CPU.ActiveCfg = Release|Any CPU
		{F88F7582-0BF6-4497-A6FE-06B0831D3A59}.Release|Any CPU.Build.0 = Release|Any CPU
	EndGlobalSection
	GlobalSection(SolutionProperties) = preSolution
		HideSolutionNode = FALSE
	EndGlobalSection
	GlobalSection(ExtensibilityGlobals) = postSolution
		SolutionGuid = {CEE10801-C65D-44BB-878C-B4E73BED9AB1}
	EndGlobalSection
EndGlobal
