
Microsoft Visual Studio Solution File, Format Version 12.00
# Visual Studio Version 17
VisualStudioVersion = 17.14.37328.6 d17.14
MinimumVisualStudioVersion = 10.0.40219.1
Project("{FAE04EC0-301F-11D3-BF4B-00C04F79EFBC}") = "LibraryManagementSystem", "LibraryManagementSystem\LibraryManagementSystem.csproj", "{C0EB6F8A-10FE-4095-82C3-77955415174C}"
EndProject
Global
	GlobalSection(SolutionConfigurationPlatforms) = preSolution
		Debug|Any CPU = Debug|Any CPU
		Release|Any CPU = Release|Any CPU
	EndGlobalSection
	GlobalSection(ProjectConfigurationPlatforms) = postSolution
		{C0EB6F8A-10FE-4095-82C3-77955415174C}.Debug|Any CPU.ActiveCfg = Debug|Any CPU
		{C0EB6F8A-10FE-4095-82C3-77955415174C}.Debug|Any CPU.Build.0 = Debug|Any CPU
		{C0EB6F8A-10FE-4095-82C3-77955415174C}.Release|Any CPU.ActiveCfg = Release|Any CPU
		{C0EB6F8A-10FE-4095-82C3-77955415174C}.Release|Any CPU.Build.0 = Release|Any CPU
	EndGlobalSection
	GlobalSection(SolutionProperties) = preSolution
		HideSolutionNode = FALSE
	EndGlobalSection
	GlobalSection(ExtensibilityGlobals) = postSolution
		SolutionGuid = {FF22DCFA-328D-4AFE-B7C0-ECC49E1163F4}
	EndGlobalSection
EndGlobal
