
Microsoft Visual Studio Solution File, Format Version 12.00
# Visual Studio Version 17
VisualStudioVersion = 17.14.37328.6 d17.14
MinimumVisualStudioVersion = 10.0.40219.1
Project("{FAE04EC0-301F-11D3-BF4B-00C04F79EFBC}") = "CsharpDemo", "CsharpDemo\CsharpDemo.csproj", "{F75EC3B4-9431-4AE6-A616-4492893D27C6}"
EndProject
Project("{2150E333-8FDC-42A3-9474-1A3956D46DE8}") = "01_Fundamentals", "01_Fundamentals", "{02EA681E-C7D8-13C7-8484-4AC65E1B71E8}"
EndProject
Project("{2150E333-8FDC-42A3-9474-1A3956D46DE8}") = "02_OOP", "02_OOP", "{E13E454D-E983-4922-AFF2-E84FC472FF87}"
EndProject
Project("{2150E333-8FDC-42A3-9474-1A3956D46DE8}") = "03_Delegates&Events", "03_Delegates&Events", "{95585B33-2BE7-4157-B62C-534244982D20}"
EndProject
Project("{2150E333-8FDC-42A3-9474-1A3956D46DE8}") = "04_Collections", "04_Collections", "{927B661E-D061-46A2-971F-2540D4CD0117}"
EndProject
Project("{2150E333-8FDC-42A3-9474-1A3956D46DE8}") = "05_Generics", "05_Generics", "{909880FE-DBE9-493B-BD73-7F23A41CA3A9}"
EndProject
Project("{2150E333-8FDC-42A3-9474-1A3956D46DE8}") = "06_ExceptionHandling", "06_ExceptionHandling", "{544CDB0F-4FD1-4AA3-96E7-B92F77523D3B}"
EndProject
Project("{2150E333-8FDC-42A3-9474-1A3956D46DE8}") = "07_FileHandling", "07_FileHandling", "{2A8CE297-23D5-42CA-8221-37FE036B6ABC}"
EndProject
Project("{2150E333-8FDC-42A3-9474-1A3956D46DE8}") = "08_Serialization", "08_Serialization", "{DF38BF66-1938-4908-AE03-29A2E68725BE}"
EndProject
Project("{2150E333-8FDC-42A3-9474-1A3956D46DE8}") = "09_MemoryManagement", "09_MemoryManagement", "{DBCAF3E5-3C6B-46A2-97B1-F27F0D15D21F}"
EndProject
Project("{2150E333-8FDC-42A3-9474-1A3956D46DE8}") = "10_WindowsForms", "10_WindowsForms", "{1B0968E6-57BA-4445-B73F-FD0B91AEE0F9}"
EndProject
Project("{2150E333-8FDC-42A3-9474-1A3956D46DE8}") = "11_ClassLib", "11_ClassLib", "{D7B6A3E9-1A2B-4EA3-A3F7-FD6D4B9935B2}"
EndProject
Project("{2150E333-8FDC-42A3-9474-1A3956D46DE8}") = "12_ModernCSharp", "12_ModernCSharp", "{1F6003A8-4E2A-4E3E-82CE-551BB2913B57}"
EndProject
Project("{2150E333-8FDC-42A3-9474-1A3956D46DE8}") = "13_ASP.NET_MVC", "13_ASP.NET_MVC", "{0A0B8325-B5D9-45F6-933F-EE08CBE1A72A}"
EndProject
Project("{FAE04EC0-301F-11D3-BF4B-00C04F79EFBC}") = "HelloWorld", "HelloWorld\HelloWorld.csproj", "{79FDB3D9-7599-4EDA-9D4F-9BF175C3A782}"
EndProject
Project("{FAE04EC0-301F-11D3-BF4B-00C04F79EFBC}") = "VariableAndOperators", "Var&Opr\VariableAndOperators.csproj", "{4A10D85D-3AD5-4F3D-9881-0E07B96D7839}"
EndProject
Project("{FAE04EC0-301F-11D3-BF4B-00C04F79EFBC}") = "ClassAndObject", "ClassAndObject\ClassAndObject.csproj", "{E45F9435-3665-4825-9136-81744332A218}"
EndProject
Project("{FAE04EC0-301F-11D3-BF4B-00C04F79EFBC}") = "Constructor", "Constructor\Constructor.csproj", "{8F76E0E5-B28C-4898-9C5B-6C9035E4541D}"
EndProject
Project("{FAE04EC0-301F-11D3-BF4B-00C04F79EFBC}") = "Inheritance", "Inheritance\Inheritance.csproj", "{E65EA94A-DE98-471E-8544-FC6190CA962D}"
EndProject
Project("{FAE04EC0-301F-11D3-BF4B-00C04F79EFBC}") = "MethodOverloading", "MethodOverloading\MethodOverloading.csproj", "{1292C9EA-8324-4226-A224-1B646FAAABF8}"
EndProject
Project("{FAE04EC0-301F-11D3-BF4B-00C04F79EFBC}") = "MethodOverriding", "MethodOverriding\MethodOverriding.csproj", "{7805256F-B4F0-4D7B-85C5-56C6D76566EF}"
EndProject
Project("{FAE04EC0-301F-11D3-BF4B-00C04F79EFBC}") = "Interface", "Interface\Interface.csproj", "{EF0F15B2-F51C-4EDB-A06C-66879AEB062B}"
EndProject
Project("{FAE04EC0-301F-11D3-BF4B-00C04F79EFBC}") = "AbstractClass", "AbstractClass\AbstractClass.csproj", "{8717B40B-0DBD-4435-A243-41FA2D37FD77}"
EndProject
Project("{FAE04EC0-301F-11D3-BF4B-00C04F79EFBC}") = "MyDelegate1", "MyDelegate1\MyDelegate1.csproj", "{9C013F2A-0A05-4C20-B13A-9EEB54BF3043}"
EndProject
Project("{FAE04EC0-301F-11D3-BF4B-00C04F79EFBC}") = "Publisher", "Publisher\Publisher.csproj", "{10A894B3-A1A1-465D-822E-42549224F8F9}"
EndProject
Project("{FAE04EC0-301F-11D3-BF4B-00C04F79EFBC}") = "CollectionDemo", "CollectionDemo\CollectionDemo.csproj", "{B1CBC3CD-1BEE-48C2-BF78-EC1605A6AE11}"
EndProject
Project("{FAE04EC0-301F-11D3-BF4B-00C04F79EFBC}") = "MyClass", "MyClass\MyClass.csproj", "{06DA139C-1019-4B8F-895E-13FDD9A3961B}"
EndProject
Project("{FAE04EC0-301F-11D3-BF4B-00C04F79EFBC}") = "MultiCastDelegateDemo", "MultiCastDelegateDemo\MultiCastDelegateDemo.csproj", "{71EA4405-9F6E-44B3-8E9D-50E6245779EE}"
EndProject
Project("{FAE04EC0-301F-11D3-BF4B-00C04F79EFBC}") = "GenericMethodDemo", "GenericMethodDemo\GenericMethodDemo.csproj", "{949CF8FF-EFAF-4889-9C20-6C43FD8B2C1E}"
EndProject
Project("{FAE04EC0-301F-11D3-BF4B-00C04F79EFBC}") = "GenericCollections", "GenericCollections\GenericCollections.csproj", "{E246C431-41A8-4E94-9EDE-DEF59926B219}"
EndProject
Project("{FAE04EC0-301F-11D3-BF4B-00C04F79EFBC}") = "BinarySerialization", "BinarySerialization\BinarySerialization.csproj", "{F28277F4-75F3-40DC-821B-862CA9B6FEDA}"
EndProject
Project("{FAE04EC0-301F-11D3-BF4B-00C04F79EFBC}") = "XMLSerialization", "XMLSerialization\XMLSerialization.csproj", "{2633ED2D-A320-404D-BCA5-CDAD3F8DE360}"
EndProject
Project("{FAE04EC0-301F-11D3-BF4B-00C04F79EFBC}") = "ExceptionHandlingDemo", "ExceptionHandlingDemo\ExceptionHandlingDemo.csproj", "{665B11FB-FC76-4348-8CF9-A69949B3913A}"
EndProject
Project("{FAE04EC0-301F-11D3-BF4B-00C04F79EFBC}") = "CustomException", "CustomException\CustomException.csproj", "{7962AFF5-8BC8-4EB4-AAD0-76E148E12BC4}"
EndProject
Project("{FAE04EC0-301F-11D3-BF4B-00C04F79EFBC}") = "FileHandling", "FileHandling\FileHandling.csproj", "{E41435BD-BD8B-4DF9-B4A1-BDFBA5E1C07C}"
EndProject
Project("{FAE04EC0-301F-11D3-BF4B-00C04F79EFBC}") = "StreamWriterDemo", "StreamWriter\StreamWriterDemo.csproj", "{1C68FD50-4BF7-4197-8B8D-E3FCEAA5493B}"
EndProject
Project("{FAE04EC0-301F-11D3-BF4B-00C04F79EFBC}") = "StreamReaderDemo", "StreamReaderDemo\StreamReaderDemo.csproj", "{1814489F-8188-459A-85D5-3E608F434AD3}"
EndProject
Project("{FAE04EC0-301F-11D3-BF4B-00C04F79EFBC}") = "EmployeeFile", "EmployeeFile\EmployeeFile.csproj", "{9F41091D-8752-4705-B23F-DFE03A8CC302}"
EndProject
Global
	GlobalSection(SolutionConfigurationPlatforms) = preSolution
		Debug|Any CPU = Debug|Any CPU
		Release|Any CPU = Release|Any CPU
	EndGlobalSection
	GlobalSection(ProjectConfigurationPlatforms) = postSolution
		{F75EC3B4-9431-4AE6-A616-4492893D27C6}.Debug|Any CPU.ActiveCfg = Debug|Any CPU
		{F75EC3B4-9431-4AE6-A616-4492893D27C6}.Debug|Any CPU.Build.0 = Debug|Any CPU
		{F75EC3B4-9431-4AE6-A616-4492893D27C6}.Release|Any CPU.ActiveCfg = Release|Any CPU
		{F75EC3B4-9431-4AE6-A616-4492893D27C6}.Release|Any CPU.Build.0 = Release|Any CPU
		{79FDB3D9-7599-4EDA-9D4F-9BF175C3A782}.Debug|Any CPU.ActiveCfg = Debug|Any CPU
		{79FDB3D9-7599-4EDA-9D4F-9BF175C3A782}.Debug|Any CPU.Build.0 = Debug|Any CPU
		{79FDB3D9-7599-4EDA-9D4F-9BF175C3A782}.Release|Any CPU.ActiveCfg = Release|Any CPU
		{79FDB3D9-7599-4EDA-9D4F-9BF175C3A782}.Release|Any CPU.Build.0 = Release|Any CPU
		{4A10D85D-3AD5-4F3D-9881-0E07B96D7839}.Debug|Any CPU.ActiveCfg = Debug|Any CPU
		{4A10D85D-3AD5-4F3D-9881-0E07B96D7839}.Debug|Any CPU.Build.0 = Debug|Any CPU
		{4A10D85D-3AD5-4F3D-9881-0E07B96D7839}.Release|Any CPU.ActiveCfg = Release|Any CPU
		{4A10D85D-3AD5-4F3D-9881-0E07B96D7839}.Release|Any CPU.Build.0 = Release|Any CPU
		{E45F9435-3665-4825-9136-81744332A218}.Debug|Any CPU.ActiveCfg = Debug|Any CPU
		{E45F9435-3665-4825-9136-81744332A218}.Debug|Any CPU.Build.0 = Debug|Any CPU
		{E45F9435-3665-4825-9136-81744332A218}.Release|Any CPU.ActiveCfg = Release|Any CPU
		{E45F9435-3665-4825-9136-81744332A218}.Release|Any CPU.Build.0 = Release|Any CPU
		{8F76E0E5-B28C-4898-9C5B-6C9035E4541D}.Debug|Any CPU.ActiveCfg = Debug|Any CPU
		{8F76E0E5-B28C-4898-9C5B-6C9035E4541D}.Debug|Any CPU.Build.0 = Debug|Any CPU
		{8F76E0E5-B28C-4898-9C5B-6C9035E4541D}.Release|Any CPU.ActiveCfg = Release|Any CPU
		{8F76E0E5-B28C-4898-9C5B-6C9035E4541D}.Release|Any CPU.Build.0 = Release|Any CPU
		{E65EA94A-DE98-471E-8544-FC6190CA962D}.Debug|Any CPU.ActiveCfg = Debug|Any CPU
		{E65EA94A-DE98-471E-8544-FC6190CA962D}.Debug|Any CPU.Build.0 = Debug|Any CPU
		{E65EA94A-DE98-471E-8544-FC6190CA962D}.Release|Any CPU.ActiveCfg = Release|Any CPU
		{E65EA94A-DE98-471E-8544-FC6190CA962D}.Release|Any CPU.Build.0 = Release|Any CPU
		{1292C9EA-8324-4226-A224-1B646FAAABF8}.Debug|Any CPU.ActiveCfg = Debug|Any CPU
		{1292C9EA-8324-4226-A224-1B646FAAABF8}.Debug|Any CPU.Build.0 = Debug|Any CPU
		{1292C9EA-8324-4226-A224-1B646FAAABF8}.Release|Any CPU.ActiveCfg = Release|Any CPU
		{1292C9EA-8324-4226-A224-1B646FAAABF8}.Release|Any CPU.Build.0 = Release|Any CPU
		{7805256F-B4F0-4D7B-85C5-56C6D76566EF}.Debug|Any CPU.ActiveCfg = Debug|Any CPU
		{7805256F-B4F0-4D7B-85C5-56C6D76566EF}.Debug|Any CPU.Build.0 = Debug|Any CPU
		{7805256F-B4F0-4D7B-85C5-56C6D76566EF}.Release|Any CPU.ActiveCfg = Release|Any CPU
		{7805256F-B4F0-4D7B-85C5-56C6D76566EF}.Release|Any CPU.Build.0 = Release|Any CPU
		{EF0F15B2-F51C-4EDB-A06C-66879AEB062B}.Debug|Any CPU.ActiveCfg = Debug|Any CPU
		{EF0F15B2-F51C-4EDB-A06C-66879AEB062B}.Debug|Any CPU.Build.0 = Debug|Any CPU
		{EF0F15B2-F51C-4EDB-A06C-66879AEB062B}.Release|Any CPU.ActiveCfg = Release|Any CPU
		{EF0F15B2-F51C-4EDB-A06C-66879AEB062B}.Release|Any CPU.Build.0 = Release|Any CPU
		{8717B40B-0DBD-4435-A243-41FA2D37FD77}.Debug|Any CPU.ActiveCfg = Debug|Any CPU
		{8717B40B-0DBD-4435-A243-41FA2D37FD77}.Debug|Any CPU.Build.0 = Debug|Any CPU
		{8717B40B-0DBD-4435-A243-41FA2D37FD77}.Release|Any CPU.ActiveCfg = Release|Any CPU
		{8717B40B-0DBD-4435-A243-41FA2D37FD77}.Release|Any CPU.Build.0 = Release|Any CPU
		{9C013F2A-0A05-4C20-B13A-9EEB54BF3043}.Debug|Any CPU.ActiveCfg = Debug|Any CPU
		{9C013F2A-0A05-4C20-B13A-9EEB54BF3043}.Debug|Any CPU.Build.0 = Debug|Any CPU
		{9C013F2A-0A05-4C20-B13A-9EEB54BF3043}.Release|Any CPU.ActiveCfg = Release|Any CPU
		{9C013F2A-0A05-4C20-B13A-9EEB54BF3043}.Release|Any CPU.Build.0 = Release|Any CPU
		{10A894B3-A1A1-465D-822E-42549224F8F9}.Debug|Any CPU.ActiveCfg = Debug|Any CPU
		{10A894B3-A1A1-465D-822E-42549224F8F9}.Debug|Any CPU.Build.0 = Debug|Any CPU
		{10A894B3-A1A1-465D-822E-42549224F8F9}.Release|Any CPU.ActiveCfg = Release|Any CPU
		{10A894B3-A1A1-465D-822E-42549224F8F9}.Release|Any CPU.Build.0 = Release|Any CPU
		{B1CBC3CD-1BEE-48C2-BF78-EC1605A6AE11}.Debug|Any CPU.ActiveCfg = Debug|Any CPU
		{B1CBC3CD-1BEE-48C2-BF78-EC1605A6AE11}.Debug|Any CPU.Build.0 = Debug|Any CPU
		{B1CBC3CD-1BEE-48C2-BF78-EC1605A6AE11}.Release|Any CPU.ActiveCfg = Release|Any CPU
		{B1CBC3CD-1BEE-48C2-BF78-EC1605A6AE11}.Release|Any CPU.Build.0 = Release|Any CPU
		{06DA139C-1019-4B8F-895E-13FDD9A3961B}.Debug|Any CPU.ActiveCfg = Debug|Any CPU
		{06DA139C-1019-4B8F-895E-13FDD9A3961B}.Debug|Any CPU.Build.0 = Debug|Any CPU
		{06DA139C-1019-4B8F-895E-13FDD9A3961B}.Release|Any CPU.ActiveCfg = Release|Any CPU
		{06DA139C-1019-4B8F-895E-13FDD9A3961B}.Release|Any CPU.Build.0 = Release|Any CPU
		{71EA4405-9F6E-44B3-8E9D-50E6245779EE}.Debug|Any CPU.ActiveCfg = Debug|Any CPU
		{71EA4405-9F6E-44B3-8E9D-50E6245779EE}.Debug|Any CPU.Build.0 = Debug|Any CPU
		{71EA4405-9F6E-44B3-8E9D-50E6245779EE}.Release|Any CPU.ActiveCfg = Release|Any CPU
		{71EA4405-9F6E-44B3-8E9D-50E6245779EE}.Release|Any CPU.Build.0 = Release|Any CPU
		{949CF8FF-EFAF-4889-9C20-6C43FD8B2C1E}.Debug|Any CPU.ActiveCfg = Debug|Any CPU
		{949CF8FF-EFAF-4889-9C20-6C43FD8B2C1E}.Debug|Any CPU.Build.0 = Debug|Any CPU
		{949CF8FF-EFAF-4889-9C20-6C43FD8B2C1E}.Release|Any CPU.ActiveCfg = Release|Any CPU
		{949CF8FF-EFAF-4889-9C20-6C43FD8B2C1E}.Release|Any CPU.Build.0 = Release|Any CPU
		{E246C431-41A8-4E94-9EDE-DEF59926B219}.Debug|Any CPU.ActiveCfg = Debug|Any CPU
		{E246C431-41A8-4E94-9EDE-DEF59926B219}.Debug|Any CPU.Build.0 = Debug|Any CPU
		{E246C431-41A8-4E94-9EDE-DEF59926B219}.Release|Any CPU.ActiveCfg = Release|Any CPU
		{E246C431-41A8-4E94-9EDE-DEF59926B219}.Release|Any CPU.Build.0 = Release|Any CPU
		{F28277F4-75F3-40DC-821B-862CA9B6FEDA}.Debug|Any CPU.ActiveCfg = Debug|Any CPU
		{F28277F4-75F3-40DC-821B-862CA9B6FEDA}.Debug|Any CPU.Build.0 = Debug|Any CPU
		{F28277F4-75F3-40DC-821B-862CA9B6FEDA}.Release|Any CPU.ActiveCfg = Release|Any CPU
		{F28277F4-75F3-40DC-821B-862CA9B6FEDA}.Release|Any CPU.Build.0 = Release|Any CPU
		{2633ED2D-A320-404D-BCA5-CDAD3F8DE360}.Debug|Any CPU.ActiveCfg = Debug|Any CPU
		{2633ED2D-A320-404D-BCA5-CDAD3F8DE360}.Debug|Any CPU.Build.0 = Debug|Any CPU
		{2633ED2D-A320-404D-BCA5-CDAD3F8DE360}.Release|Any CPU.ActiveCfg = Release|Any CPU
		{2633ED2D-A320-404D-BCA5-CDAD3F8DE360}.Release|Any CPU.Build.0 = Release|Any CPU
		{665B11FB-FC76-4348-8CF9-A69949B3913A}.Debug|Any CPU.ActiveCfg = Debug|Any CPU
		{665B11FB-FC76-4348-8CF9-A69949B3913A}.Debug|Any CPU.Build.0 = Debug|Any CPU
		{665B11FB-FC76-4348-8CF9-A69949B3913A}.Release|Any CPU.ActiveCfg = Release|Any CPU
		{665B11FB-FC76-4348-8CF9-A69949B3913A}.Release|Any CPU.Build.0 = Release|Any CPU
		{7962AFF5-8BC8-4EB4-AAD0-76E148E12BC4}.Debug|Any CPU.ActiveCfg = Debug|Any CPU
		{7962AFF5-8BC8-4EB4-AAD0-76E148E12BC4}.Debug|Any CPU.Build.0 = Debug|Any CPU
		{7962AFF5-8BC8-4EB4-AAD0-76E148E12BC4}.Release|Any CPU.ActiveCfg = Release|Any CPU
		{7962AFF5-8BC8-4EB4-AAD0-76E148E12BC4}.Release|Any CPU.Build.0 = Release|Any CPU
		{E41435BD-BD8B-4DF9-B4A1-BDFBA5E1C07C}.Debug|Any CPU.ActiveCfg = Debug|Any CPU
		{E41435BD-BD8B-4DF9-B4A1-BDFBA5E1C07C}.Debug|Any CPU.Build.0 = Debug|Any CPU
		{E41435BD-BD8B-4DF9-B4A1-BDFBA5E1C07C}.Release|Any CPU.ActiveCfg = Release|Any CPU
		{E41435BD-BD8B-4DF9-B4A1-BDFBA5E1C07C}.Release|Any CPU.Build.0 = Release|Any CPU
		{1C68FD50-4BF7-4197-8B8D-E3FCEAA5493B}.Debug|Any CPU.ActiveCfg = Debug|Any CPU
		{1C68FD50-4BF7-4197-8B8D-E3FCEAA5493B}.Debug|Any CPU.Build.0 = Debug|Any CPU
		{1C68FD50-4BF7-4197-8B8D-E3FCEAA5493B}.Release|Any CPU.ActiveCfg = Release|Any CPU
		{1C68FD50-4BF7-4197-8B8D-E3FCEAA5493B}.Release|Any CPU.Build.0 = Release|Any CPU
		{1814489F-8188-459A-85D5-3E608F434AD3}.Debug|Any CPU.ActiveCfg = Debug|Any CPU
		{1814489F-8188-459A-85D5-3E608F434AD3}.Debug|Any CPU.Build.0 = Debug|Any CPU
		{1814489F-8188-459A-85D5-3E608F434AD3}.Release|Any CPU.ActiveCfg = Release|Any CPU
		{1814489F-8188-459A-85D5-3E608F434AD3}.Release|Any CPU.Build.0 = Release|Any CPU
		{9F41091D-8752-4705-B23F-DFE03A8CC302}.Debug|Any CPU.ActiveCfg = Debug|Any CPU
		{9F41091D-8752-4705-B23F-DFE03A8CC302}.Debug|Any CPU.Build.0 = Debug|Any CPU
		{9F41091D-8752-4705-B23F-DFE03A8CC302}.Release|Any CPU.ActiveCfg = Release|Any CPU
		{9F41091D-8752-4705-B23F-DFE03A8CC302}.Release|Any CPU.Build.0 = Release|Any CPU
	EndGlobalSection
	GlobalSection(SolutionProperties) = preSolution
		HideSolutionNode = FALSE
	EndGlobalSection
	GlobalSection(NestedProjects) = preSolution
		{79FDB3D9-7599-4EDA-9D4F-9BF175C3A782} = {02EA681E-C7D8-13C7-8484-4AC65E1B71E8}
		{4A10D85D-3AD5-4F3D-9881-0E07B96D7839} = {02EA681E-C7D8-13C7-8484-4AC65E1B71E8}
		{E45F9435-3665-4825-9136-81744332A218} = {E13E454D-E983-4922-AFF2-E84FC472FF87}
		{8F76E0E5-B28C-4898-9C5B-6C9035E4541D} = {E13E454D-E983-4922-AFF2-E84FC472FF87}
		{E65EA94A-DE98-471E-8544-FC6190CA962D} = {E13E454D-E983-4922-AFF2-E84FC472FF87}
		{1292C9EA-8324-4226-A224-1B646FAAABF8} = {E13E454D-E983-4922-AFF2-E84FC472FF87}
		{7805256F-B4F0-4D7B-85C5-56C6D76566EF} = {E13E454D-E983-4922-AFF2-E84FC472FF87}
		{EF0F15B2-F51C-4EDB-A06C-66879AEB062B} = {E13E454D-E983-4922-AFF2-E84FC472FF87}
		{8717B40B-0DBD-4435-A243-41FA2D37FD77} = {E13E454D-E983-4922-AFF2-E84FC472FF87}
		{9C013F2A-0A05-4C20-B13A-9EEB54BF3043} = {95585B33-2BE7-4157-B62C-534244982D20}
		{10A894B3-A1A1-465D-822E-42549224F8F9} = {95585B33-2BE7-4157-B62C-534244982D20}
		{B1CBC3CD-1BEE-48C2-BF78-EC1605A6AE11} = {927B661E-D061-46A2-971F-2540D4CD0117}
		{06DA139C-1019-4B8F-895E-13FDD9A3961B} = {909880FE-DBE9-493B-BD73-7F23A41CA3A9}
		{71EA4405-9F6E-44B3-8E9D-50E6245779EE} = {95585B33-2BE7-4157-B62C-534244982D20}
		{949CF8FF-EFAF-4889-9C20-6C43FD8B2C1E} = {95585B33-2BE7-4157-B62C-534244982D20}
		{E246C431-41A8-4E94-9EDE-DEF59926B219} = {95585B33-2BE7-4157-B62C-534244982D20}
		{F28277F4-75F3-40DC-821B-862CA9B6FEDA} = {DF38BF66-1938-4908-AE03-29A2E68725BE}
		{2633ED2D-A320-404D-BCA5-CDAD3F8DE360} = {DF38BF66-1938-4908-AE03-29A2E68725BE}
		{665B11FB-FC76-4348-8CF9-A69949B3913A} = {544CDB0F-4FD1-4AA3-96E7-B92F77523D3B}
		{7962AFF5-8BC8-4EB4-AAD0-76E148E12BC4} = {544CDB0F-4FD1-4AA3-96E7-B92F77523D3B}
		{E41435BD-BD8B-4DF9-B4A1-BDFBA5E1C07C} = {2A8CE297-23D5-42CA-8221-37FE036B6ABC}
		{1C68FD50-4BF7-4197-8B8D-E3FCEAA5493B} = {2A8CE297-23D5-42CA-8221-37FE036B6ABC}
		{1814489F-8188-459A-85D5-3E608F434AD3} = {2A8CE297-23D5-42CA-8221-37FE036B6ABC}
		{9F41091D-8752-4705-B23F-DFE03A8CC302} = {2A8CE297-23D5-42CA-8221-37FE036B6ABC}
	EndGlobalSection
	GlobalSection(ExtensibilityGlobals) = postSolution
		SolutionGuid = {CC25E652-BFC1-4512-889A-6B60D00A3A37}
	EndGlobalSection
EndGlobal
