
Microsoft Visual Studio Solution File, Format Version 12.00
# Visual Studio Version 17
VisualStudioVersion = 17.14.37328.6 d17.14
MinimumVisualStudioVersion = 10.0.40219.1
Project("{FAE04EC0-301F-11D3-BF4B-00C04F79EFBC}") = "CarpetCostApp", "CarpetCostApp\CarpetCostApp.csproj", "{E706BF8D-CEEF-447C-A248-FE35BAC7CD93}"
EndProject
Global
	GlobalSection(SolutionConfigurationPlatforms) = preSolution
		Debug|Any CPU = Debug|Any CPU
		Release|Any CPU = Release|Any CPU
	EndGlobalSection
	GlobalSection(ProjectConfigurationPlatforms) = postSolution
		{E706BF8D-CEEF-447C-A248-FE35BAC7CD93}.Debug|Any CPU.ActiveCfg = Debug|Any CPU
		{E706BF8D-CEEF-447C-A248-FE35BAC7CD93}.Debug|Any CPU.Build.0 = Debug|Any CPU
		{E706BF8D-CEEF-447C-A248-FE35BAC7CD93}.Release|Any CPU.ActiveCfg = Release|Any CPU
		{E706BF8D-CEEF-447C-A248-FE35BAC7CD93}.Release|Any CPU.Build.0 = Release|Any CPU
	EndGlobalSection
	GlobalSection(SolutionProperties) = preSolution
		HideSolutionNode = FALSE
	EndGlobalSection
	GlobalSection(ExtensibilityGlobals) = postSolution
		SolutionGuid = {9FCB81C6-C95E-4DFE-A4D8-4500BF7186B2}
	EndGlobalSection
EndGlobal
