
Microsoft Visual Studio Solution File, Format Version 12.00
# Visual Studio Version 17
VisualStudioVersion = 17.14.37328.6 d17.14
MinimumVisualStudioVersion = 10.0.40219.1
Project("{FAE04EC0-301F-11D3-BF4B-00C04F79EFBC}") = "LoginApp", "LoginApp\LoginApp.csproj", "{D24C89E4-B707-4F11-BEE6-E84101288C39}"
EndProject
Global
	GlobalSection(SolutionConfigurationPlatforms) = preSolution
		Debug|Any CPU = Debug|Any CPU
		Release|Any CPU = Release|Any CPU
	EndGlobalSection
	GlobalSection(ProjectConfigurationPlatforms) = postSolution
		{D24C89E4-B707-4F11-BEE6-E84101288C39}.Debug|Any CPU.ActiveCfg = Debug|Any CPU
		{D24C89E4-B707-4F11-BEE6-E84101288C39}.Debug|Any CPU.Build.0 = Debug|Any CPU
		{D24C89E4-B707-4F11-BEE6-E84101288C39}.Release|Any CPU.ActiveCfg = Release|Any CPU
		{D24C89E4-B707-4F11-BEE6-E84101288C39}.Release|Any CPU.Build.0 = Release|Any CPU
	EndGlobalSection
	GlobalSection(SolutionProperties) = preSolution
		HideSolutionNode = FALSE
	EndGlobalSection
	GlobalSection(ExtensibilityGlobals) = postSolution
		SolutionGuid = {894A0A46-DA45-48BB-BF37-5DA35B46D6AB}
	EndGlobalSection
EndGlobal
